
Microsoft Visual Studio Solution File, Format Version 12.00
# Visual Studio 15
VisualStudioVersion = 15.0.28307.489
MinimumVisualStudioVersion = 10.0.40219.1
Project("{9A19103F-16F7-4668-BE54-9A1E7A4F7556}") = "BoxProblems", "BoxProblems\BoxProblems.csproj", "{8691ECC5-A220-441A-A2B1-C50D9002837F}"
EndProject
Project("{9A19103F-16F7-4668-BE54-9A1E7A4F7556}") = "BoxTests", "BoxTests\BoxTests.csproj", "{D0365E5C-2C25-4477-A01F-45D334613C74}"
EndProject
Global
	GlobalSection(SolutionConfigurationPlatforms) = preSolution
		Debug|Any CPU = Debug|Any CPU
		Release|Any CPU = Release|Any CPU
	EndGlobalSection
	GlobalSection(ProjectConfigurationPlatforms) = postSolution
		{8691ECC5-A220-441A-A2B1-C50D9002837F}.Debug|Any CPU.ActiveCfg = Debug|Any CPU
		{8691ECC5-A220-441A-A2B1-C50D9002837F}.Debug|Any CPU.Build.0 = Debug|Any CPU
		{8691ECC5-A220-441A-A2B1-C50D9002837F}.Release|Any CPU.ActiveCfg = Release|Any CPU
		{8691ECC5-A220-441A-A2B1-C50D9002837F}.Release|Any CPU.Build.0 = Release|Any CPU
		{D0365E5C-2C25-4477-A01F-45D334613C74}.Debug|Any CPU.ActiveCfg = Debug|Any CPU
		{D0365E5C-2C25-4477-A01F-45D334613C74}.Debug|Any CPU.Build.0 = Debug|Any CPU
		{D0365E5C-2C25-4477-A01F-45D334613C74}.Release|Any CPU.ActiveCfg = Release|Any CPU
		{D0365E5C-2C25-4477-A01F-45D334613C74}.Release|Any CPU.Build.0 = Release|Any CPU
	EndGlobalSection
	GlobalSection(SolutionProperties) = preSolution
		HideSolutionNode = FALSE
	EndGlobalSection
	GlobalSection(ExtensibilityGlobals) = postSolution
		SolutionGuid = {0E3333F0-13FD-4143-9120-67347746AD41}
	EndGlobalSection
EndGlobal
