
Microsoft Visual Studio Solution File, Format Version 12.00
# Visual Studio 15
VisualStudioVersion = 15.0.28307.438
MinimumVisualStudioVersion = 10.0.40219.1
Project("{9A19103F-16F7-4668-BE54-9A1E7A4F7556}") = "BoxProblems", "BoxProblems\BoxProblems.csproj", "{8691ECC5-A220-441A-A2B1-C50D9002837F}"
EndProject
Project("{9A19103F-16F7-4668-BE54-9A1E7A4F7556}") = "BoxTests", "BoxTests\BoxTests.csproj", "{D0365E5C-2C25-4477-A01F-45D334613C74}"
EndProject
Project("{9A19103F-16F7-4668-BE54-9A1E7A4F7556}") = "BoxPerformance", "BoxPerformance\BoxPerformance.csproj", "{77DE5E3F-4126-4310-9143-C0B60D1093E7}"
EndProject
Project("{9A19103F-16F7-4668-BE54-9A1E7A4F7556}") = "BoxRunner", "BoxRunner\BoxRunner.csproj", "{8FD20FB9-469A-4498-A1CD-3AFAC91F12F3}"
EndProject
Project("{9A19103F-16F7-4668-BE54-9A1E7A4F7556}") = "BoxMisc", "BoxMisc\BoxMisc.csproj", "{72DD1EDC-F8D2-4039-8F5B-4C3948AC352A}"
EndProject
Project("{9A19103F-16F7-4668-BE54-9A1E7A4F7556}") = "PriorityQueue", "..\..\..\..\..\..\Meine Items\Coding Ambitions\8. Semester\02285 Box Problems\PriorityQueue-master\PriorityQueue\PriorityQueue.csproj", "{FAD3D5D8-BBDC-4147-ADA9-7A8670BC72F4}"
EndProject
Project("{FAE04EC0-301F-11D3-BF4B-00C04F79EFBC}") = "ImageToLevel", "ImageToLevel\ImageToLevel.csproj", "{896DB84E-3BA6-4429-AB73-7985CB952E8B}"
EndProject
Global
	GlobalSection(Performance) = preSolution
		HasPerformanceSessions = true
	EndGlobalSection
	GlobalSection(SolutionConfigurationPlatforms) = preSolution
		Debug|Any CPU = Debug|Any CPU
		Release|Any CPU = Release|Any CPU
	EndGlobalSection
	GlobalSection(ProjectConfigurationPlatforms) = postSolution
		{8691ECC5-A220-441A-A2B1-C50D9002837F}.Debug|Any CPU.ActiveCfg = Debug|Any CPU
		{8691ECC5-A220-441A-A2B1-C50D9002837F}.Debug|Any CPU.Build.0 = Debug|Any CPU
		{8691ECC5-A220-441A-A2B1-C50D9002837F}.Release|Any CPU.ActiveCfg = Release|Any CPU
		{8691ECC5-A220-441A-A2B1-C50D9002837F}.Release|Any CPU.Build.0 = Release|Any CPU
		{D0365E5C-2C25-4477-A01F-45D334613C74}.Debug|Any CPU.ActiveCfg = Debug|Any CPU
		{D0365E5C-2C25-4477-A01F-45D334613C74}.Debug|Any CPU.Build.0 = Debug|Any CPU
		{D0365E5C-2C25-4477-A01F-45D334613C74}.Release|Any CPU.ActiveCfg = Release|Any CPU
		{D0365E5C-2C25-4477-A01F-45D334613C74}.Release|Any CPU.Build.0 = Release|Any CPU
		{77DE5E3F-4126-4310-9143-C0B60D1093E7}.Debug|Any CPU.ActiveCfg = Debug|Any CPU
		{77DE5E3F-4126-4310-9143-C0B60D1093E7}.Debug|Any CPU.Build.0 = Debug|Any CPU
		{77DE5E3F-4126-4310-9143-C0B60D1093E7}.Release|Any CPU.ActiveCfg = Release|Any CPU
		{77DE5E3F-4126-4310-9143-C0B60D1093E7}.Release|Any CPU.Build.0 = Release|Any CPU
		{8FD20FB9-469A-4498-A1CD-3AFAC91F12F3}.Debug|Any CPU.ActiveCfg = Debug|Any CPU
		{8FD20FB9-469A-4498-A1CD-3AFAC91F12F3}.Debug|Any CPU.Build.0 = Debug|Any CPU
		{8FD20FB9-469A-4498-A1CD-3AFAC91F12F3}.Release|Any CPU.ActiveCfg = Release|Any CPU
		{8FD20FB9-469A-4498-A1CD-3AFAC91F12F3}.Release|Any CPU.Build.0 = Release|Any CPU
		{72DD1EDC-F8D2-4039-8F5B-4C3948AC352A}.Debug|Any CPU.ActiveCfg = Debug|Any CPU
		{72DD1EDC-F8D2-4039-8F5B-4C3948AC352A}.Debug|Any CPU.Build.0 = Debug|Any CPU
		{72DD1EDC-F8D2-4039-8F5B-4C3948AC352A}.Release|Any CPU.ActiveCfg = Release|Any CPU
		{72DD1EDC-F8D2-4039-8F5B-4C3948AC352A}.Release|Any CPU.Build.0 = Release|Any CPU
		{FAD3D5D8-BBDC-4147-ADA9-7A8670BC72F4}.Debug|Any CPU.ActiveCfg = Debug|Any CPU
		{FAD3D5D8-BBDC-4147-ADA9-7A8670BC72F4}.Debug|Any CPU.Build.0 = Debug|Any CPU
		{FAD3D5D8-BBDC-4147-ADA9-7A8670BC72F4}.Release|Any CPU.ActiveCfg = Release|Any CPU
		{FAD3D5D8-BBDC-4147-ADA9-7A8670BC72F4}.Release|Any CPU.Build.0 = Release|Any CPU
		{896DB84E-3BA6-4429-AB73-7985CB952E8B}.Debug|Any CPU.ActiveCfg = Debug|Any CPU
		{896DB84E-3BA6-4429-AB73-7985CB952E8B}.Debug|Any CPU.Build.0 = Debug|Any CPU
		{896DB84E-3BA6-4429-AB73-7985CB952E8B}.Release|Any CPU.ActiveCfg = Release|Any CPU
		{896DB84E-3BA6-4429-AB73-7985CB952E8B}.Release|Any CPU.Build.0 = Release|Any CPU
	EndGlobalSection
	GlobalSection(SolutionProperties) = preSolution
		HideSolutionNode = FALSE
	EndGlobalSection
	GlobalSection(ExtensibilityGlobals) = postSolution
		SolutionGuid = {0E3333F0-13FD-4143-9120-67347746AD41}
	EndGlobalSection
	GlobalSection(Performance) = preSolution
		HasPerformanceSessions = true
	EndGlobalSection
EndGlobal
